
Microsoft Visual Studio Solution File, Format Version 12.00
# Visual Studio Version 17
VisualStudioVersion = 17.9.34622.214
MinimumVisualStudioVersion = 10.0.40219.1
Project("{8BC9CEB8-8B4A-11D0-8D11-00A0C91BC942}") = "PrivateChatServer", "PrivateChatServer\PrivateChatServer.vcxproj", "{02D8EAEA-7F00-49C1-A775-874C8DFA9701}"
EndProject
Project("{8BC9CEB8-8B4A-11D0-8D11-00A0C91BC942}") = "PrivateChatClient", "PrivateChatClient\PrivateChatClient.vcxproj", "{AD055C4C-7C9D-48C5-BAFF-ABB65506A984}"
EndProject
Global
	GlobalSection(SolutionConfigurationPlatforms) = preSolution
		Debug|x64 = Debug|x64
		Debug|x86 = Debug|x86
		Release|x64 = Release|x64
		Release|x86 = Release|x86
	EndGlobalSection
	GlobalSection(ProjectConfigurationPlatforms) = postSolution
		{02D8EAEA-7F00-49C1-A775-874C8DFA9701}.Debug|x64.ActiveCfg = Debug|x64
		{02D8EAEA-7F00-49C1-A775-874C8DFA9701}.Debug|x64.Build.0 = Debug|x64
		{02D8EAEA-7F00-49C1-A775-874C8DFA9701}.Debug|x86.ActiveCfg = Debug|Win32
		{02D8EAEA-7F00-49C1-A775-874C8DFA9701}.Debug|x86.Build.0 = Debug|Win32
		{02D8EAEA-7F00-49C1-A775-874C8DFA9701}.Release|x64.ActiveCfg = Release|x64
		{02D8EAEA-7F00-49C1-A775-874C8DFA9701}.Release|x64.Build.0 = Release|x64
		{02D8EAEA-7F00-49C1-A775-874C8DFA9701}.Release|x86.ActiveCfg = Release|Win32
		{02D8EAEA-7F00-49C1-A775-874C8DFA9701}.Release|x86.Build.0 = Release|Win32
		{AD055C4C-7C9D-48C5-BAFF-ABB65506A984}.Debug|x64.ActiveCfg = Debug|x64
		{AD055C4C-7C9D-48C5-BAFF-ABB65506A984}.Debug|x64.Build.0 = Debug|x64
		{AD055C4C-7C9D-48C5-BAFF-ABB65506A984}.Debug|x86.ActiveCfg = Debug|Win32
		{AD055C4C-7C9D-48C5-BAFF-ABB65506A984}.Debug|x86.Build.0 = Debug|Win32
		{AD055C4C-7C9D-48C5-BAFF-ABB65506A984}.Release|x64.ActiveCfg = Release|x64
		{AD055C4C-7C9D-48C5-BAFF-ABB65506A984}.Release|x64.Build.0 = Release|x64
		{AD055C4C-7C9D-48C5-BAFF-ABB65506A984}.Release|x86.ActiveCfg = Release|Win32
		{AD055C4C-7C9D-48C5-BAFF-ABB65506A984}.Release|x86.Build.0 = Release|Win32
	EndGlobalSection
	GlobalSection(SolutionProperties) = preSolution
		HideSolutionNode = FALSE
	EndGlobalSection
	GlobalSection(ExtensibilityGlobals) = postSolution
		SolutionGuid = {5949C2A7-E5E7-4CA0-9D06-0F7376486540}
	EndGlobalSection
EndGlobal
